
Microsoft Visual Studio Solution File, Format Version 12.00
# Visual Studio Version 17
VisualStudioVersion = 17.13.35825.156 d17.13
MinimumVisualStudioVersion = 10.0.40219.1
Project("{FAE04EC0-301F-11D3-BF4B-00C04F79EFBC}") = "HelloWorld.ConsoleApp", "HelloWorld.ConsoleApp\HelloWorld.ConsoleApp.csproj", "{05A37470-5608-4C36-B25A-530BDC250940}"
EndProject
Global
	GlobalSection(SolutionConfigurationPlatforms) = preSolution
		Debug|Any CPU = Debug|Any CPU
		Release|Any CPU = Release|Any CPU
	EndGlobalSection
	GlobalSection(ProjectConfigurationPlatforms) = postSolution
		{05A37470-5608-4C36-B25A-530BDC250940}.Debug|Any CPU.ActiveCfg = Debug|Any CPU
		{05A37470-5608-4C36-B25A-530BDC250940}.Debug|Any CPU.Build.0 = Debug|Any CPU
		{05A37470-5608-4C36-B25A-530BDC250940}.Release|Any CPU.ActiveCfg = Release|Any CPU
		{05A37470-5608-4C36-B25A-530BDC250940}.Release|Any CPU.Build.0 = Release|Any CPU
	EndGlobalSection
	GlobalSection(SolutionProperties) = preSolution
		HideSolutionNode = FALSE
	EndGlobalSection
	GlobalSection(ExtensibilityGlobals) = postSolution
		SolutionGuid = {E0C3A151-4D8C-4CD6-BE7D-B35BB98645C1}
	EndGlobalSection
EndGlobal
